
Microsoft Visual Studio Solution File, Format Version 12.00
# Visual Studio 15
VisualStudioVersion = 15.0.28010.2026
MinimumVisualStudioVersion = 10.0.40219.1
Project("{9A19103F-16F7-4668-BE54-9A1E7A4F7556}") = "Lab1", "Lab1\Lab1.csproj", "{C4B81D97-CA2E-4BAF-83EC-2C08BEEE1D3C}"
EndProject
Project("{FAE04EC0-301F-11D3-BF4B-00C04F79EFBC}") = "XUnitTest1", "XUnitTest1\XUnitTest1.csproj", "{DC71D494-C880-4364-9DD1-D0A3696EF194}"
	ProjectSection(ProjectDependencies) = postProject
		{C4B81D97-CA2E-4BAF-83EC-2C08BEEE1D3C} = {C4B81D97-CA2E-4BAF-83EC-2C08BEEE1D3C}
	EndProjectSection
EndProject
Global
	GlobalSection(SolutionConfigurationPlatforms) = preSolution
		Debug|Any CPU = Debug|Any CPU
		Release|Any CPU = Release|Any CPU
	EndGlobalSection
	GlobalSection(ProjectConfigurationPlatforms) = postSolution
		{C4B81D97-CA2E-4BAF-83EC-2C08BEEE1D3C}.Debug|Any CPU.ActiveCfg = Debug|Any CPU
		{C4B81D97-CA2E-4BAF-83EC-2C08BEEE1D3C}.Debug|Any CPU.Build.0 = Debug|Any CPU
		{C4B81D97-CA2E-4BAF-83EC-2C08BEEE1D3C}.Release|Any CPU.ActiveCfg = Release|Any CPU
		{C4B81D97-CA2E-4BAF-83EC-2C08BEEE1D3C}.Release|Any CPU.Build.0 = Release|Any CPU
		{DC71D494-C880-4364-9DD1-D0A3696EF194}.Debug|Any CPU.ActiveCfg = Debug|Any CPU
		{DC71D494-C880-4364-9DD1-D0A3696EF194}.Debug|Any CPU.Build.0 = Debug|Any CPU
		{DC71D494-C880-4364-9DD1-D0A3696EF194}.Release|Any CPU.ActiveCfg = Release|Any CPU
		{DC71D494-C880-4364-9DD1-D0A3696EF194}.Release|Any CPU.Build.0 = Release|Any CPU
	EndGlobalSection
	GlobalSection(SolutionProperties) = preSolution
		HideSolutionNode = FALSE
	EndGlobalSection
	GlobalSection(ExtensibilityGlobals) = postSolution
		SolutionGuid = {291892C2-F4D7-4859-BADD-B2BD0B13DEB0}
	EndGlobalSection
EndGlobal
